
Microsoft Visual Studio Solution File, Format Version 12.00
# Visual Studio Version 16
VisualStudioVersion = 16.0.30517.126
MinimumVisualStudioVersion = 10.0.40219.1
Project("{FAE04EC0-301F-11D3-BF4B-00C04F79EFBC}") = "BlackSheep", "BlackSheep\BlackSheep.csproj", "{90604E10-93AB-4E88-9C89-C83FBC2EB5E1}"
EndProject
Global
	GlobalSection(SolutionConfigurationPlatforms) = preSolution
		Debug|Any CPU = Debug|Any CPU
		Release|Any CPU = Release|Any CPU
	EndGlobalSection
	GlobalSection(ProjectConfigurationPlatforms) = postSolution
		{90604E10-93AB-4E88-9C89-C83FBC2EB5E1}.Debug|Any CPU.ActiveCfg = Debug|Any CPU
		{90604E10-93AB-4E88-9C89-C83FBC2EB5E1}.Debug|Any CPU.Build.0 = Debug|Any CPU
		{90604E10-93AB-4E88-9C89-C83FBC2EB5E1}.Release|Any CPU.ActiveCfg = Release|Any CPU
		{90604E10-93AB-4E88-9C89-C83FBC2EB5E1}.Release|Any CPU.Build.0 = Release|Any CPU
	EndGlobalSection
	GlobalSection(SolutionProperties) = preSolution
		HideSolutionNode = FALSE
	EndGlobalSection
	GlobalSection(ExtensibilityGlobals) = postSolution
		SolutionGuid = {540433ED-117E-4572-9DB8-9FB1CD2F0BE6}
	EndGlobalSection
EndGlobal
